
Microsoft Visual Studio Solution File, Format Version 12.00
# Visual Studio Version 17
VisualStudioVersion = 17.9.34728.123
MinimumVisualStudioVersion = 10.0.40219.1
Project("{FAE04EC0-301F-11D3-BF4B-00C04F79EFBC}") = "RailwayScheduler", "RailwayScheduler\RailwayScheduler.csproj", "{3AB1DBFD-0371-410C-9221-5A797DE1222E}"
EndProject
Global
	GlobalSection(SolutionConfigurationPlatforms) = preSolution
		Debug|Any CPU = Debug|Any CPU
		Release|Any CPU = Release|Any CPU
	EndGlobalSection
	GlobalSection(ProjectConfigurationPlatforms) = postSolution
		{3AB1DBFD-0371-410C-9221-5A797DE1222E}.Debug|Any CPU.ActiveCfg = Debug|Any CPU
		{3AB1DBFD-0371-410C-9221-5A797DE1222E}.Debug|Any CPU.Build.0 = Debug|Any CPU
		{3AB1DBFD-0371-410C-9221-5A797DE1222E}.Release|Any CPU.ActiveCfg = Release|Any CPU
		{3AB1DBFD-0371-410C-9221-5A797DE1222E}.Release|Any CPU.Build.0 = Release|Any CPU
	EndGlobalSection
	GlobalSection(SolutionProperties) = preSolution
		HideSolutionNode = FALSE
	EndGlobalSection
	GlobalSection(ExtensibilityGlobals) = postSolution
		SolutionGuid = {9644D0EC-7EF2-4D4E-92CE-8D74864EAFB8}
	EndGlobalSection
EndGlobal
